{
  "name": "smartcar",
  "version": "0.0.0-semantic-release",
  "lockfileVersion": 2,
  "requires": true,
  "packages": {
    "": {
      "name": "smartcar",
      "version": "0.0.0-semantic-release",
      "license": "MIT",
      "devDependencies": {},
      "engines": {
        "node": ">=18.20.0",
        "npm": ">=8.3.0"
      }
    }
  }
}
