{
  "name": "smartcar",
  "version": "0.0.0-semantic-release",
  "lockfileVersion": 2,
  "requires": true,
  "packages": {
    "": {
      "name": "smartcar",
      "version": "0.0.0-semantic-release",
      "license": "MIT",
      "dependencies": {
        "uuid": "npm:@neverendingsupport/uuid@8.3.2-uuid-8.3.4"
      },
      "devDependencies": {},
      "engines": {
        "node": ">=18.20.0",
        "npm": ">=8.3.0"
      }
    },
    "node_modules/uuid": {
      "name": "@neverendingsupport/uuid",
      "version": "8.3.2-uuid-8.3.4",
      "resolved": "https://registry.nes.herodevs.com/npm/pkg/@neverendingsupport/uuid/-/8.3.2-uuid-8.3.4.tgz",
      "integrity": "sha512-lgPk823R5/qt6GSMwFioc+AtKvqH3QYU7UGV1T401rWkRaFD/q3uo8jzq9inPg8Gz7bnZ5JlaaXWvdMjS+fFNw==",
      "license": "HeroDevs NES License",
      "bin": {
        "uuid": "dist/bin/uuid"
      }
    }
  },
  "dependencies": {
    "uuid": {
      "version": "npm:@neverendingsupport/uuid@8.3.2-uuid-8.3.4",
      "resolved": "https://registry.nes.herodevs.com/npm/pkg/@neverendingsupport/uuid/-/8.3.2-uuid-8.3.4.tgz",
      "integrity": "sha512-lgPk823R5/qt6GSMwFioc+AtKvqH3QYU7UGV1T401rWkRaFD/q3uo8jzq9inPg8Gz7bnZ5JlaaXWvdMjS+fFNw=="
    }
  }
}
